{
  "nodes": {
    "naersk": {
      "inputs": {
        "nixpkgs": [
          "rnix-lsp",
          "nixpkgs"
        ]
      },
      "locked": {
        "lastModified": 1655042882,
        "narHash": "sha256-9BX8Fuez5YJlN7cdPO63InoyBy7dm3VlJkkmTt6fS1A=",
        "owner": "nix-community",
        "repo": "naersk",
        "rev": "cddffb5aa211f50c4b8750adbec0bbbdfb26bb9f",
        "type": "github"
      },
      "original": {
        "owner": "nix-community",
        "repo": "naersk",
        "type": "github"
      }
    },
    "neovim": {
      "inputs": {
        "flake-utils": [
          "utils"
        ],
        "nixpkgs": [
          "nixpkgs"
        ]
      },
      "locked": {
        "dir": "contrib",
        "lastModified": 1677059895,
        "narHash": "sha256-KDbYZBHew/6o2r8YZq5emmNzA9jMTMXJwp4t+wF6Ee4=",
        "owner": "neovim",
        "repo": "neovim",
        "rev": "d1b34b74580fc09d86144c35e24a1a8a0d531b36",
        "type": "github"
      },
      "original": {
        "dir": "contrib",
        "owner": "neovim",
        "repo": "neovim",
        "type": "github"
      }
    },
    "nixpkgs": {
      "locked": {
        "lastModified": 1677050843,
        "narHash": "sha256-3fcFxn58eCtrXrVPeW/nAg6NR5wUERVEf8zOtjPDzuM=",
        "owner": "nixos",
        "repo": "nixpkgs",
        "rev": "9e0eed654c705c7cafe192a8eba1610217f70544",
        "type": "github"
      },
      "original": {
        "owner": "nixos",
        "ref": "nixpkgs-unstable",
        "repo": "nixpkgs",
        "type": "github"
      }
    },
    "nvim-neoclip": {
      "flake": false,
      "locked": {
        "lastModified": 1673910599,
        "narHash": "sha256-Yi/6mODdS2Ote5/zumzcUzkhDbQ3m9jUvxT+jZ/+UqA=",
        "owner": "AckslD",
        "repo": "nvim-neoclip.lua",
        "rev": "5b9286a40ea2020352280caeb713515badb03d99",
        "type": "github"
      },
      "original": {
        "owner": "AckslD",
        "repo": "nvim-neoclip.lua",
        "type": "github"
      }
    },
    "nvim-which-key": {
      "flake": false,
      "locked": {
        "lastModified": 1676049352,
        "narHash": "sha256-8tFsz6y6l+0UX7H0g9t0Fvuio8aARJzFWqZc6MuPJuQ=",
        "owner": "folke",
        "repo": "which-key.nvim",
        "rev": "5224c261825263f46f6771f1b644cae33cd06995",
        "type": "github"
      },
      "original": {
        "owner": "folke",
        "repo": "which-key.nvim",
        "type": "github"
      }
    },
    "rnix-lsp": {
      "inputs": {
        "naersk": "naersk",
        "nixpkgs": [
          "nixpkgs"
        ],
        "utils": [
          "utils"
        ]
      },
      "locked": {
        "lastModified": 1669555118,
        "narHash": "sha256-F0s0m62S5bHNVWNHLZD6SeHiLrsDx98VQbRjDyIu+qQ=",
        "owner": "nix-community",
        "repo": "rnix-lsp",
        "rev": "95d40673fe43642e2e1144341e86d0036abd95d9",
        "type": "github"
      },
      "original": {
        "owner": "nix-community",
        "repo": "rnix-lsp",
        "type": "github"
      }
    },
    "root": {
      "inputs": {
        "neovim": "neovim",
        "nixpkgs": "nixpkgs",
        "nvim-neoclip": "nvim-neoclip",
        "nvim-which-key": "nvim-which-key",
        "rnix-lsp": "rnix-lsp",
        "telescope-repo": "telescope-repo",
        "utils": "utils",
        "vim-enuch": "vim-enuch"
      }
    },
    "telescope-repo": {
      "flake": false,
      "locked": {
        "lastModified": 1676670868,
        "narHash": "sha256-uH9x2LgDiH9jOTGFk1a/BLwrz9rLG5393q6UVCikIYU=",
        "owner": "cljoly",
        "repo": "telescope-repo.nvim",
        "rev": "50b5fc6eba11b5f1fcb249d5f7490551f86d1a00",
        "type": "github"
      },
      "original": {
        "owner": "cljoly",
        "repo": "telescope-repo.nvim",
        "type": "github"
      }
    },
    "utils": {
      "locked": {
        "lastModified": 1676283394,
        "narHash": "sha256-XX2f9c3iySLCw54rJ/CZs+ZK6IQy7GXNY4nSOyu2QG4=",
        "owner": "numtide",
        "repo": "flake-utils",
        "rev": "3db36a8b464d0c4532ba1c7dda728f4576d6d073",
        "type": "github"
      },
      "original": {
        "owner": "numtide",
        "repo": "flake-utils",
        "type": "github"
      }
    },
    "vim-enuch": {
      "flake": false,
      "locked": {
        "lastModified": 1665617668,
        "narHash": "sha256-t7D6vkEmhVDKdxqvHQ6811FENu/qM6MkrLl8lGADxDs=",
        "owner": "tpope",
        "repo": "vim-eunuch",
        "rev": "291ef1f8c8996ca7715df1032a35a27b12d7b5cf",
        "type": "github"
      },
      "original": {
        "owner": "tpope",
        "repo": "vim-eunuch",
        "type": "github"
      }
    }
  },
  "root": "root",
  "version": 7
}
